
Microsoft Visual Studio Solution File, Format Version 12.00
# Visual Studio 15
VisualStudioVersion = 15.0.28307.102
MinimumVisualStudioVersion = 10.0.40219.1
Project("{9A19103F-16F7-4668-BE54-9A1E7A4F7556}") = "BuDing.Sunrise.Web", "BuDing.Sunrise.Web\BuDing.Sunrise.Web.csproj", "{E1AFE2DB-0AEF-4F3C-B7E7-7293BE4E561B}"
EndProject
Project("{9A19103F-16F7-4668-BE54-9A1E7A4F7556}") = "BuDing.Infrastructure", "BuDing.Infrastructure\BuDing.Infrastructure.csproj", "{736AC1A0-CBC2-49D0-ACAE-B6814AB8686A}"
EndProject
Project("{2150E333-8FDC-42A3-9474-1A3956D46DE8}") = "Infrastructure", "Infrastructure", "{78571FD6-7CF8-4013-99B6-3E27F74E25BC}"
EndProject
Project("{9A19103F-16F7-4668-BE54-9A1E7A4F7556}") = "BuDing.Common", "BuDing.Common\BuDing.Common.csproj", "{93DA0AAC-02A0-45C9-B9AC-8951FF672282}"
EndProject
Project("{2150E333-8FDC-42A3-9474-1A3956D46DE8}") = "Common", "Common", "{9BE4E79A-0DBE-42CF-821B-AB50C79A9616}"
EndProject
Project("{2150E333-8FDC-42A3-9474-1A3956D46DE8}") = "Core", "Core", "{5CDB5F47-5CDC-4F74-B0E3-D76E9DAFDECC}"
EndProject
Project("{9A19103F-16F7-4668-BE54-9A1E7A4F7556}") = "BuDing.Application", "BuDing.Application\BuDing.Application.csproj", "{95249E61-AD52-4D9C-A333-52F8EDFAE345}"
EndProject
Project("{9A19103F-16F7-4668-BE54-9A1E7A4F7556}") = "BuDing.Application.Interfaces", "BuDing.Application.Interfaces\BuDing.Application.Interfaces.csproj", "{AA799345-0E56-4B7B-9986-0C44A431B515}"
EndProject
Project("{9A19103F-16F7-4668-BE54-9A1E7A4F7556}") = "BuDing.Domain", "BuDing.Domain\BuDing.Domain.csproj", "{195AF6DF-A1EE-45D8-B232-24EB7766B941}"
EndProject
Global
	GlobalSection(SolutionConfigurationPlatforms) = preSolution
		Debug|Any CPU = Debug|Any CPU
		Release|Any CPU = Release|Any CPU
	EndGlobalSection
	GlobalSection(ProjectConfigurationPlatforms) = postSolution
		{E1AFE2DB-0AEF-4F3C-B7E7-7293BE4E561B}.Debug|Any CPU.ActiveCfg = Debug|Any CPU
		{E1AFE2DB-0AEF-4F3C-B7E7-7293BE4E561B}.Debug|Any CPU.Build.0 = Debug|Any CPU
		{E1AFE2DB-0AEF-4F3C-B7E7-7293BE4E561B}.Release|Any CPU.ActiveCfg = Release|Any CPU
		{E1AFE2DB-0AEF-4F3C-B7E7-7293BE4E561B}.Release|Any CPU.Build.0 = Release|Any CPU
		{736AC1A0-CBC2-49D0-ACAE-B6814AB8686A}.Debug|Any CPU.ActiveCfg = Debug|Any CPU
		{736AC1A0-CBC2-49D0-ACAE-B6814AB8686A}.Debug|Any CPU.Build.0 = Debug|Any CPU
		{736AC1A0-CBC2-49D0-ACAE-B6814AB8686A}.Release|Any CPU.ActiveCfg = Release|Any CPU
		{736AC1A0-CBC2-49D0-ACAE-B6814AB8686A}.Release|Any CPU.Build.0 = Release|Any CPU
		{93DA0AAC-02A0-45C9-B9AC-8951FF672282}.Debug|Any CPU.ActiveCfg = Debug|Any CPU
		{93DA0AAC-02A0-45C9-B9AC-8951FF672282}.Debug|Any CPU.Build.0 = Debug|Any CPU
		{93DA0AAC-02A0-45C9-B9AC-8951FF672282}.Release|Any CPU.ActiveCfg = Release|Any CPU
		{93DA0AAC-02A0-45C9-B9AC-8951FF672282}.Release|Any CPU.Build.0 = Release|Any CPU
		{95249E61-AD52-4D9C-A333-52F8EDFAE345}.Debug|Any CPU.ActiveCfg = Debug|Any CPU
		{95249E61-AD52-4D9C-A333-52F8EDFAE345}.Debug|Any CPU.Build.0 = Debug|Any CPU
		{95249E61-AD52-4D9C-A333-52F8EDFAE345}.Release|Any CPU.ActiveCfg = Release|Any CPU
		{95249E61-AD52-4D9C-A333-52F8EDFAE345}.Release|Any CPU.Build.0 = Release|Any CPU
		{AA799345-0E56-4B7B-9986-0C44A431B515}.Debug|Any CPU.ActiveCfg = Debug|Any CPU
		{AA799345-0E56-4B7B-9986-0C44A431B515}.Debug|Any CPU.Build.0 = Debug|Any CPU
		{AA799345-0E56-4B7B-9986-0C44A431B515}.Release|Any CPU.ActiveCfg = Release|Any CPU
		{AA799345-0E56-4B7B-9986-0C44A431B515}.Release|Any CPU.Build.0 = Release|Any CPU
		{195AF6DF-A1EE-45D8-B232-24EB7766B941}.Debug|Any CPU.ActiveCfg = Debug|Any CPU
		{195AF6DF-A1EE-45D8-B232-24EB7766B941}.Debug|Any CPU.Build.0 = Debug|Any CPU
		{195AF6DF-A1EE-45D8-B232-24EB7766B941}.Release|Any CPU.ActiveCfg = Release|Any CPU
		{195AF6DF-A1EE-45D8-B232-24EB7766B941}.Release|Any CPU.Build.0 = Release|Any CPU
	EndGlobalSection
	GlobalSection(SolutionProperties) = preSolution
		HideSolutionNode = FALSE
	EndGlobalSection
	GlobalSection(NestedProjects) = preSolution
		{736AC1A0-CBC2-49D0-ACAE-B6814AB8686A} = {78571FD6-7CF8-4013-99B6-3E27F74E25BC}
		{93DA0AAC-02A0-45C9-B9AC-8951FF672282} = {9BE4E79A-0DBE-42CF-821B-AB50C79A9616}
		{95249E61-AD52-4D9C-A333-52F8EDFAE345} = {5CDB5F47-5CDC-4F74-B0E3-D76E9DAFDECC}
		{AA799345-0E56-4B7B-9986-0C44A431B515} = {5CDB5F47-5CDC-4F74-B0E3-D76E9DAFDECC}
		{195AF6DF-A1EE-45D8-B232-24EB7766B941} = {5CDB5F47-5CDC-4F74-B0E3-D76E9DAFDECC}
	EndGlobalSection
	GlobalSection(ExtensibilityGlobals) = postSolution
		SolutionGuid = {13E2A5CC-9788-4430-BE28-7E8242C7A507}
	EndGlobalSection
EndGlobal
